// !$*UTF8*$!
{
	archiveVersion = 1;
	classes = {
	};
	objectVersion = 55;
	objects = {

/* Begin PBXBuildFile section */
		1ECBC38927BE7AC300800035 /* PolyCookApp.swift in Sources */ = {isa = PBXBuildFile; fileRef = 1ECBC38827BE7AC300800035 /* PolyCookApp.swift */; };
		1ECBC38B27BE7AC300800035 /* ContentView.swift in Sources */ = {isa = PBXBuildFile; fileRef = 1ECBC38A27BE7AC300800035 /* ContentView.swift */; };
		1ECBC38D27BE7AC500800035 /* Assets.xcassets in Resources */ = {isa = PBXBuildFile; fileRef = 1ECBC38C27BE7AC500800035 /* Assets.xcassets */; };
		1ECBC39027BE7AC500800035 /* Preview Assets.xcassets in Resources */ = {isa = PBXBuildFile; fileRef = 1ECBC38F27BE7AC500800035 /* Preview Assets.xcassets */; };
		1ECBC39A27BE7AC500800035 /* PolyCookTests.swift in Sources */ = {isa = PBXBuildFile; fileRef = 1ECBC39927BE7AC500800035 /* PolyCookTests.swift */; };
		1ECBC3A427BE7AC500800035 /* PolyCookUITests.swift in Sources */ = {isa = PBXBuildFile; fileRef = 1ECBC3A327BE7AC500800035 /* PolyCookUITests.swift */; };
		1ECBC3A627BE7AC500800035 /* PolyCookUITestsLaunchTests.swift in Sources */ = {isa = PBXBuildFile; fileRef = 1ECBC3A527BE7AC500800035 /* PolyCookUITestsLaunchTests.swift */; };
/* End PBXBuildFile section */

/* Begin PBXContainerItemProxy section */
		1ECBC39627BE7AC500800035 /* PBXContainerItemProxy */ = {
			isa = PBXContainerItemProxy;
			containerPortal = 1ECBC37D27BE7AC300800035 /* Project object */;
			proxyType = 1;
			remoteGlobalIDString = 1ECBC38427BE7AC300800035;
			remoteInfo = PolyCook;
		};
		1ECBC3A027BE7AC500800035 /* PBXContainerItemProxy */ = {
			isa = PBXContainerItemProxy;
			containerPortal = 1ECBC37D27BE7AC300800035 /* Project object */;
			proxyType = 1;
			remoteGlobalIDString = 1ECBC38427BE7AC300800035;
			remoteInfo = PolyCook;
		};
/* End PBXContainerItemProxy section */

/* Begin PBXFileReference section */
		1ECBC38527BE7AC300800035 /* PolyCook.app */ = {isa = PBXFileReference; explicitFileType = wrapper.application; includeInIndex = 0; path = PolyCook.app; sourceTree = BUILT_PRODUCTS_DIR; };
		1ECBC38827BE7AC300800035 /* PolyCookApp.swift */ = {isa = PBXFileReference; lastKnownFileType = sourcecode.swift; path = PolyCookApp.swift; sourceTree = "<group>"; };
		1ECBC38A27BE7AC300800035 /* ContentView.swift */ = {isa = PBXFileReference; lastKnownFileType = sourcecode.swift; path = ContentView.swift; sourceTree = "<group>"; };
		1ECBC38C27BE7AC500800035 /* Assets.xcassets */ = {isa = PBXFileReference; lastKnownFileType = folder.assetcatalog; path = Assets.xcassets; sourceTree = "<group>"; };
		1ECBC38F27BE7AC500800035 /* Preview Assets.xcassets */ = {isa = PBXFileReference; lastKnownFileType = folder.assetcatalog; path = "Preview Assets.xcassets"; sourceTree = "<group>"; };
		1ECBC39527BE7AC500800035 /* PolyCookTests.xctest */ = {isa = PBXFileReference; explicitFileType = wrapper.cfbundle; includeInIndex = 0; path = PolyCookTests.xctest; sourceTree = BUILT_PRODUCTS_DIR; };
		1ECBC39927BE7AC500800035 /* PolyCookTests.swift */ = {isa = PBXFileReference; lastKnownFileType = sourcecode.swift; path = PolyCookTests.swift; sourceTree = "<group>"; };
		1ECBC39F27BE7AC500800035 /* PolyCookUITests.xctest */ = {isa = PBXFileReference; explicitFileType = wrapper.cfbundle; includeInIndex = 0; path = PolyCookUITests.xctest; sourceTree = BUILT_PRODUCTS_DIR; };
		1ECBC3A327BE7AC500800035 /* PolyCookUITests.swift */ = {isa = PBXFileReference; lastKnownFileType = sourcecode.swift; path = PolyCookUITests.swift; sourceTree = "<group>"; };
		1ECBC3A527BE7AC500800035 /* PolyCookUITestsLaunchTests.swift */ = {isa = PBXFileReference; lastKnownFileType = sourcecode.swift; path = PolyCookUITestsLaunchTests.swift; sourceTree = "<group>"; };
/* End PBXFileReference section */

/* Begin PBXFrameworksBuildPhase section */
		1ECBC38227BE7AC300800035 /* Frameworks */ = {
			isa = PBXFrameworksBuildPhase;
			buildActionMask = 2147483647;
			files = (
			);
			runOnlyForDeploymentPostprocessing = 0;
		};
		1ECBC39227BE7AC500800035 /* Frameworks */ = {
			isa = PBXFrameworksBuildPhase;
			buildActionMask = 2147483647;
			files = (
			);
			runOnlyForDeploymentPostprocessing = 0;
		};
		1ECBC39C27BE7AC500800035 /* Frameworks */ = {
			isa = PBXFrameworksBuildPhase;
			buildActionMask = 2147483647;
			files = (
			);
			runOnlyForDeploymentPostprocessing = 0;
		};
/* End PBXFrameworksBuildPhase section */

/* Begin PBXGroup section */
		1ECBC37C27BE7AC300800035 = {
			isa = PBXGroup;
			children = (
				1ECBC38727BE7AC300800035 /* PolyCook */,
				1ECBC39827BE7AC500800035 /* PolyCookTests */,
				1ECBC3A227BE7AC500800035 /* PolyCookUITests */,
				1ECBC38627BE7AC300800035 /* Products */,
			);
			sourceTree = "<group>";
		};
		1ECBC38627BE7AC300800035 /* Products */ = {
			isa = PBXGroup;
			children = (
				1ECBC38527BE7AC300800035 /* PolyCook.app */,
				1ECBC39527BE7AC500800035 /* PolyCookTests.xctest */,
				1ECBC39F27BE7AC500800035 /* PolyCookUITests.xctest */,
			);
			name = Products;
			sourceTree = "<group>";
		};
		1ECBC38727BE7AC300800035 /* PolyCook */ = {
			isa = PBXGroup;
			children = (
				1ECBC38827BE7AC300800035 /* PolyCookApp.swift */,
				1ECBC38A27BE7AC300800035 /* ContentView.swift */,
				1ECBC38C27BE7AC500800035 /* Assets.xcassets */,
				1ECBC38E27BE7AC500800035 /* Preview Content */,
			);
			path = PolyCook;
			sourceTree = "<group>";
		};
		1ECBC38E27BE7AC500800035 /* Preview Content */ = {
			isa = PBXGroup;
			children = (
				1ECBC38F27BE7AC500800035 /* Preview Assets.xcassets */,
			);
			path = "Preview Content";
			sourceTree = "<group>";
		};
		1ECBC39827BE7AC500800035 /* PolyCookTests */ = {
			isa = PBXGroup;
			children = (
				1ECBC39927BE7AC500800035 /* PolyCookTests.swift */,
			);
			path = PolyCookTests;
			sourceTree = "<group>";
		};
		1ECBC3A227BE7AC500800035 /* PolyCookUITests */ = {
			isa = PBXGroup;
			children = (
				1ECBC3A327BE7AC500800035 /* PolyCookUITests.swift */,
				1ECBC3A527BE7AC500800035 /* PolyCookUITestsLaunchTests.swift */,
			);
			path = PolyCookUITests;
			sourceTree = "<group>";
		};
/* End PBXGroup section */

/* Begin PBXNativeTarget section */
		1ECBC38427BE7AC300800035 /* PolyCook */ = {
			isa = PBXNativeTarget;
			buildConfigurationList = 1ECBC3A927BE7AC500800035 /* Build configuration list for PBXNativeTarget "PolyCook" */;
			buildPhases = (
				1ECBC38127BE7AC300800035 /* Sources */,
				1ECBC38227BE7AC300800035 /* Frameworks */,
				1ECBC38327BE7AC300800035 /* Resources */,
			);
			buildRules = (
			);
			dependencies = (
			);
			name = PolyCook;
			productName = PolyCook;
			productReference = 1ECBC38527BE7AC300800035 /* PolyCook.app */;
			productType = "com.apple.product-type.application";
		};
		1ECBC39427BE7AC500800035 /* PolyCookTests */ = {
			isa = PBXNativeTarget;
			buildConfigurationList = 1ECBC3AC27BE7AC500800035 /* Build configuration list for PBXNativeTarget "PolyCookTests" */;
			buildPhases = (
				1ECBC39127BE7AC500800035 /* Sources */,
				1ECBC39227BE7AC500800035 /* Frameworks */,
				1ECBC39327BE7AC500800035 /* Resources */,
			);
			buildRules = (
			);
			dependencies = (
				1ECBC39727BE7AC500800035 /* PBXTargetDependency */,
			);
			name = PolyCookTests;
			productName = PolyCookTests;
			productReference = 1ECBC39527BE7AC500800035 /* PolyCookTests.xctest */;
			productType = "com.apple.product-type.bundle.unit-test";
		};
		1ECBC39E27BE7AC500800035 /* PolyCookUITests */ = {
			isa = PBXNativeTarget;
			buildConfigurationList = 1ECBC3AF27BE7AC500800035 /* Build configuration list for PBXNativeTarget "PolyCookUITests" */;
			buildPhases = (
				1ECBC39B27BE7AC500800035 /* Sources */,
				1ECBC39C27BE7AC500800035 /* Frameworks */,
				1ECBC39D27BE7AC500800035 /* Resources */,
			);
			buildRules = (
			);
			dependencies = (
				1ECBC3A127BE7AC500800035 /* PBXTargetDependency */,
			);
			name = PolyCookUITests;
			productName = PolyCookUITests;
			productReference = 1ECBC39F27BE7AC500800035 /* PolyCookUITests.xctest */;
			productType = "com.apple.product-type.bundle.ui-testing";
		};
/* End PBXNativeTarget section */

/* Begin PBXProject section */
		1ECBC37D27BE7AC300800035 /* Project object */ = {
			isa = PBXProject;
			attributes = {
				BuildIndependentTargetsInParallel = 1;
				LastSwiftUpdateCheck = 1320;
				LastUpgradeCheck = 1320;
				TargetAttributes = {
					1ECBC38427BE7AC300800035 = {
						CreatedOnToolsVersion = 13.2.1;
					};
					1ECBC39427BE7AC500800035 = {
						CreatedOnToolsVersion = 13.2.1;
						TestTargetID = 1ECBC38427BE7AC300800035;
					};
					1ECBC39E27BE7AC500800035 = {
						CreatedOnToolsVersion = 13.2.1;
						TestTargetID = 1ECBC38427BE7AC300800035;
					};
				};
			};
			buildConfigurationList = 1ECBC38027BE7AC300800035 /* Build configuration list for PBXProject "PolyCook" */;
			compatibilityVersion = "Xcode 13.0";
			developmentRegion = en;
			hasScannedForEncodings = 0;
			knownRegions = (
				en,
				Base,
			);
			mainGroup = 1ECBC37C27BE7AC300800035;
			productRefGroup = 1ECBC38627BE7AC300800035 /* Products */;
			projectDirPath = "";
			projectRoot = "";
			targets = (
				1ECBC38427BE7AC300800035 /* PolyCook */,
				1ECBC39427BE7AC500800035 /* PolyCookTests */,
				1ECBC39E27BE7AC500800035 /* PolyCookUITests */,
			);
		};
/* End PBXProject section */

/* Begin PBXResourcesBuildPhase section */
		1ECBC38327BE7AC300800035 /* Resources */ = {
			isa = PBXResourcesBuildPhase;
			buildActionMask = 2147483647;
			files = (
				1ECBC39027BE7AC500800035 /* Preview Assets.xcassets in Resources */,
				1ECBC38D27BE7AC500800035 /* Assets.xcassets in Resources */,
			);
			runOnlyForDeploymentPostprocessing = 0;
		};
		1ECBC39327BE7AC500800035 /* Resources */ = {
			isa = PBXResourcesBuildPhase;
			buildActionMask = 2147483647;
			files = (
			);
			runOnlyForDeploymentPostprocessing = 0;
		};
		1ECBC39D27BE7AC500800035 /* Resources */ = {
			isa = PBXResourcesBuildPhase;
			buildActionMask = 2147483647;
			files = (
			);
			runOnlyForDeploymentPostprocessing = 0;
		};
/* End PBXResourcesBuildPhase section */

/* Begin PBXSourcesBuildPhase section */
		1ECBC38127BE7AC300800035 /* Sources */ = {
			isa = PBXSourcesBuildPhase;
			buildActionMask = 2147483647;
			files = (
				1ECBC38B27BE7AC300800035 /* ContentView.swift in Sources */,
				1ECBC38927BE7AC300800035 /* PolyCookApp.swift in Sources */,
			);
			runOnlyForDeploymentPostprocessing = 0;
		};
		1ECBC39127BE7AC500800035 /* Sources */ = {
			isa = PBXSourcesBuildPhase;
			buildActionMask = 2147483647;
			files = (
				1ECBC39A27BE7AC500800035 /* PolyCookTests.swift in Sources */,
			);
			runOnlyForDeploymentPostprocessing = 0;
		};
		1ECBC39B27BE7AC500800035 /* Sources */ = {
			isa = PBXSourcesBuildPhase;
			buildActionMask = 2147483647;
			files = (
				1ECBC3A627BE7AC500800035 /* PolyCookUITestsLaunchTests.swift in Sources */,
				1ECBC3A427BE7AC500800035 /* PolyCookUITests.swift in Sources */,
			);
			runOnlyForDeploymentPostprocessing = 0;
		};
/* End PBXSourcesBuildPhase section */

/* Begin PBXTargetDependency section */
		1ECBC39727BE7AC500800035 /* PBXTargetDependency */ = {
			isa = PBXTargetDependency;
			target = 1ECBC38427BE7AC300800035 /* PolyCook */;
			targetProxy = 1ECBC39627BE7AC500800035 /* PBXContainerItemProxy */;
		};
		1ECBC3A127BE7AC500800035 /* PBXTargetDependency */ = {
			isa = PBXTargetDependency;
			target = 1ECBC38427BE7AC300800035 /* PolyCook */;
			targetProxy = 1ECBC3A027BE7AC500800035 /* PBXContainerItemProxy */;
		};
/* End PBXTargetDependency section */

/* Begin XCBuildConfiguration section */
		1ECBC3A727BE7AC500800035 /* Debug */ = {
			isa = XCBuildConfiguration;
			buildSettings = {
				ALWAYS_SEARCH_USER_PATHS = NO;
				CLANG_ANALYZER_NONNULL = YES;
				CLANG_ANALYZER_NUMBER_OBJECT_CONVERSION = YES_AGGRESSIVE;
				CLANG_CXX_LANGUAGE_STANDARD = "gnu++17";
				CLANG_CXX_LIBRARY = "libc++";
				CLANG_ENABLE_MODULES = YES;
				CLANG_ENABLE_OBJC_ARC = YES;
				CLANG_ENABLE_OBJC_WEAK = YES;
				CLANG_WARN_BLOCK_CAPTURE_AUTORELEASING = YES;
				CLANG_WARN_BOOL_CONVERSION = YES;
				CLANG_WARN_COMMA = YES;
				CLANG_WARN_CONSTANT_CONVERSION = YES;
				CLANG_WARN_DEPRECATED_OBJC_IMPLEMENTATIONS = YES;
				CLANG_WARN_DIRECT_OBJC_ISA_USAGE = YES_ERROR;
				CLANG_WARN_DOCUMENTATION_COMMENTS = YES;
				CLANG_WARN_EMPTY_BODY = YES;
				CLANG_WARN_ENUM_CONVERSION = YES;
				CLANG_WARN_INFINITE_RECURSION = YES;
				CLANG_WARN_INT_CONVERSION = YES;
				CLANG_WARN_NON_LITERAL_NULL_CONVERSION = YES;
				CLANG_WARN_OBJC_IMPLICIT_RETAIN_SELF = YES;
				CLANG_WARN_OBJC_LITERAL_CONVERSION = YES;
				CLANG_WARN_OBJC_ROOT_CLASS = YES_ERROR;
				CLANG_WARN_QUOTED_INCLUDE_IN_FRAMEWORK_HEADER = YES;
				CLANG_WARN_RANGE_LOOP_ANALYSIS = YES;
				CLANG_WARN_STRICT_PROTOTYPES = YES;
				CLANG_WARN_SUSPICIOUS_MOVE = YES;
				CLANG_WARN_UNGUARDED_AVAILABILITY = YES_AGGRESSIVE;
				CLANG_WARN_UNREACHABLE_CODE = YES;
				CLANG_WARN__DUPLICATE_METHOD_MATCH = YES;
				COPY_PHASE_STRIP = NO;
				DEBUG_INFORMATION_FORMAT = dwarf;
				ENABLE_STRICT_OBJC_MSGSEND = YES;
				ENABLE_TESTABILITY = YES;
				GCC_C_LANGUAGE_STANDARD = gnu11;
				GCC_DYNAMIC_NO_PIC = NO;
				GCC_NO_COMMON_BLOCKS = YES;
				GCC_OPTIMIZATION_LEVEL = 0;
				GCC_PREPROCESSOR_DEFINITIONS = (
					"DEBUG=1",
					"$(inherited)",
				);
				GCC_WARN_64_TO_32_BIT_CONVERSION = YES;
				GCC_WARN_ABOUT_RETURN_TYPE = YES_ERROR;
				GCC_WARN_UNDECLARED_SELECTOR = YES;
				GCC_WARN_UNINITIALIZED_AUTOS = YES_AGGRESSIVE;
				GCC_WARN_UNUSED_FUNCTION = YES;
				GCC_WARN_UNUSED_VARIABLE = YES;
				IPHONEOS_DEPLOYMENT_TARGET = 15.2;
				MTL_ENABLE_DEBUG_INFO = INCLUDE_SOURCE;
				MTL_FAST_MATH = YES;
				ONLY_ACTIVE_ARCH = YES;
				SDKROOT = iphoneos;
				SWIFT_ACTIVE_COMPILATION_CONDITIONS = DEBUG;
				SWIFT_OPTIMIZATION_LEVEL = "-Onone";
			};
			name = Debug;
		};
		1ECBC3A827BE7AC500800035 /* Release */ = {
			isa = XCBuildConfiguration;
			buildSettings = {
				ALWAYS_SEARCH_USER_PATHS = NO;
				CLANG_ANALYZER_NONNULL = YES;
				CLANG_ANALYZER_NUMBER_OBJECT_CONVERSION = YES_AGGRESSIVE;
				CLANG_CXX_LANGUAGE_STANDARD = "gnu++17";
				CLANG_CXX_LIBRARY = "libc++";
				CLANG_ENABLE_MODULES = YES;
				CLANG_ENABLE_OBJC_ARC = YES;
				CLANG_ENABLE_OBJC_WEAK = YES;
				CLANG_WARN_BLOCK_CAPTURE_AUTORELEASING = YES;
				CLANG_WARN_BOOL_CONVERSION = YES;
				CLANG_WARN_COMMA = YES;
				CLANG_WARN_CONSTANT_CONVERSION = YES;
				CLANG_WARN_DEPRECATED_OBJC_IMPLEMENTATIONS = YES;
				CLANG_WARN_DIRECT_OBJC_ISA_USAGE = YES_ERROR;
				CLANG_WARN_DOCUMENTATION_COMMENTS = YES;
				CLANG_WARN_EMPTY_BODY = YES;
				CLANG_WARN_ENUM_CONVERSION = YES;
				CLANG_WARN_INFINITE_RECURSION = YES;
				CLANG_WARN_INT_CONVERSION = YES;
				CLANG_WARN_NON_LITERAL_NULL_CONVERSION = YES;
				CLANG_WARN_OBJC_IMPLICIT_RETAIN_SELF = YES;
				CLANG_WARN_OBJC_LITERAL_CONVERSION = YES;
				CLANG_WARN_OBJC_ROOT_CLASS = YES_ERROR;
				CLANG_WARN_QUOTED_INCLUDE_IN_FRAMEWORK_HEADER = YES;
				CLANG_WARN_RANGE_LOOP_ANALYSIS = YES;
				CLANG_WARN_STRICT_PROTOTYPES = YES;
				CLANG_WARN_SUSPICIOUS_MOVE = YES;
				CLANG_WARN_UNGUARDED_AVAILABILITY = YES_AGGRESSIVE;
				CLANG_WARN_UNREACHABLE_CODE = YES;
				CLANG_WARN__DUPLICATE_METHOD_MATCH = YES;
				COPY_PHASE_STRIP = NO;
				DEBUG_INFORMATION_FORMAT = "dwarf-with-dsym";
				ENABLE_NS_ASSERTIONS = NO;
				ENABLE_STRICT_OBJC_MSGSEND = YES;
				GCC_C_LANGUAGE_STANDARD = gnu11;
				GCC_NO_COMMON_BLOCKS = YES;
				GCC_WARN_64_TO_32_BIT_CONVERSION = YES;
				GCC_WARN_ABOUT_RETURN_TYPE = YES_ERROR;
				GCC_WARN_UNDECLARED_SELECTOR = YES;
				GCC_WARN_UNINITIALIZED_AUTOS = YES_AGGRESSIVE;
				GCC_WARN_UNUSED_FUNCTION = YES;
				GCC_WARN_UNUSED_VARIABLE = YES;
				IPHONEOS_DEPLOYMENT_TARGET = 15.2;
				MTL_ENABLE_DEBUG_INFO = NO;
				MTL_FAST_MATH = YES;
				SDKROOT = iphoneos;
				SWIFT_COMPILATION_MODE = wholemodule;
				SWIFT_OPTIMIZATION_LEVEL = "-O";
				VALIDATE_PRODUCT = YES;
			};
			name = Release;
		};
		1ECBC3AA27BE7AC500800035 /* Debug */ = {
			isa = XCBuildConfiguration;
			buildSettings = {
				ASSETCATALOG_COMPILER_APPICON_NAME = AppIcon;
				ASSETCATALOG_COMPILER_GLOBAL_ACCENT_COLOR_NAME = AccentColor;
				CODE_SIGN_STYLE = Automatic;
				CURRENT_PROJECT_VERSION = 1;
				DEVELOPMENT_ASSET_PATHS = "\"PolyCook/Preview Content\"";
				DEVELOPMENT_TEAM = WVBJ5HS9RL;
				ENABLE_PREVIEWS = YES;
				GENERATE_INFOPLIST_FILE = YES;
				INFOPLIST_KEY_UIApplicationSceneManifest_Generation = YES;
				INFOPLIST_KEY_UIApplicationSupportsIndirectInputEvents = YES;
				INFOPLIST_KEY_UILaunchScreen_Generation = YES;
				INFOPLIST_KEY_UISupportedInterfaceOrientations_iPad = "UIInterfaceOrientationPortrait UIInterfaceOrientationPortraitUpsideDown UIInterfaceOrientationLandscapeLeft UIInterfaceOrientationLandscapeRight";
				INFOPLIST_KEY_UISupportedInterfaceOrientations_iPhone = "UIInterfaceOrientationPortrait UIInterfaceOrientationLandscapeLeft UIInterfaceOrientationLandscapeRight";
				LD_RUNPATH_SEARCH_PATHS = (
					"$(inherited)",
					"@executable_path/Frameworks",
				);
				MARKETING_VERSION = 1.0;
				PRODUCT_BUNDLE_IDENTIFIER = mobileIG4.PolyCook;
				PRODUCT_NAME = "$(TARGET_NAME)";
				SWIFT_EMIT_LOC_STRINGS = YES;
				SWIFT_VERSION = 5.0;
				TARGETED_DEVICE_FAMILY = "1,2";
			};
			name = Debug;
		};
		1ECBC3AB27BE7AC500800035 /* Release */ = {
			isa = XCBuildConfiguration;
			buildSettings = {
				ASSETCATALOG_COMPILER_APPICON_NAME = AppIcon;
				ASSETCATALOG_COMPILER_GLOBAL_ACCENT_COLOR_NAME = AccentColor;
				CODE_SIGN_STYLE = Automatic;
				CURRENT_PROJECT_VERSION = 1;
				DEVELOPMENT_ASSET_PATHS = "\"PolyCook/Preview Content\"";
				DEVELOPMENT_TEAM = WVBJ5HS9RL;
				ENABLE_PREVIEWS = YES;
				GENERATE_INFOPLIST_FILE = YES;
				INFOPLIST_KEY_UIApplicationSceneManifest_Generation = YES;
				INFOPLIST_KEY_UIApplicationSupportsIndirectInputEvents = YES;
				INFOPLIST_KEY_UILaunchScreen_Generation = YES;
				INFOPLIST_KEY_UISupportedInterfaceOrientations_iPad = "UIInterfaceOrientationPortrait UIInterfaceOrientationPortraitUpsideDown UIInterfaceOrientationLandscapeLeft UIInterfaceOrientationLandscapeRight";
				INFOPLIST_KEY_UISupportedInterfaceOrientations_iPhone = "UIInterfaceOrientationPortrait UIInterfaceOrientationLandscapeLeft UIInterfaceOrientationLandscapeRight";
				LD_RUNPATH_SEARCH_PATHS = (
					"$(inherited)",
					"@executable_path/Frameworks",
				);
				MARKETING_VERSION = 1.0;
				PRODUCT_BUNDLE_IDENTIFIER = mobileIG4.PolyCook;
				PRODUCT_NAME = "$(TARGET_NAME)";
				SWIFT_EMIT_LOC_STRINGS = YES;
				SWIFT_VERSION = 5.0;
				TARGETED_DEVICE_FAMILY = "1,2";
			};
			name = Release;
		};
		1ECBC3AD27BE7AC500800035 /* Debug */ = {
			isa = XCBuildConfiguration;
			buildSettings = {
				ALWAYS_EMBED_SWIFT_STANDARD_LIBRARIES = YES;
				BUNDLE_LOADER = "$(TEST_HOST)";
				CODE_SIGN_STYLE = Automatic;
				CURRENT_PROJECT_VERSION = 1;
				DEVELOPMENT_TEAM = WVBJ5HS9RL;
				GENERATE_INFOPLIST_FILE = YES;
				IPHONEOS_DEPLOYMENT_TARGET = 15.2;
				MARKETING_VERSION = 1.0;
				PRODUCT_BUNDLE_IDENTIFIER = mobileIG4.PolyCookTests;
				PRODUCT_NAME = "$(TARGET_NAME)";
				SWIFT_EMIT_LOC_STRINGS = NO;
				SWIFT_VERSION = 5.0;
				TARGETED_DEVICE_FAMILY = "1,2";
				TEST_HOST = "$(BUILT_PRODUCTS_DIR)/PolyCook.app/PolyCook";
			};
			name = Debug;
		};
		1ECBC3AE27BE7AC500800035 /* Release */ = {
			isa = XCBuildConfiguration;
			buildSettings = {
				ALWAYS_EMBED_SWIFT_STANDARD_LIBRARIES = YES;
				BUNDLE_LOADER = "$(TEST_HOST)";
				CODE_SIGN_STYLE = Automatic;
				CURRENT_PROJECT_VERSION = 1;
				DEVELOPMENT_TEAM = WVBJ5HS9RL;
				GENERATE_INFOPLIST_FILE = YES;
				IPHONEOS_DEPLOYMENT_TARGET = 15.2;
				MARKETING_VERSION = 1.0;
				PRODUCT_BUNDLE_IDENTIFIER = mobileIG4.PolyCookTests;
				PRODUCT_NAME = "$(TARGET_NAME)";
				SWIFT_EMIT_LOC_STRINGS = NO;
				SWIFT_VERSION = 5.0;
				TARGETED_DEVICE_FAMILY = "1,2";
				TEST_HOST = "$(BUILT_PRODUCTS_DIR)/PolyCook.app/PolyCook";
			};
			name = Release;
		};
		1ECBC3B027BE7AC500800035 /* Debug */ = {
			isa = XCBuildConfiguration;
			buildSettings = {
				ALWAYS_EMBED_SWIFT_STANDARD_LIBRARIES = YES;
				CODE_SIGN_STYLE = Automatic;
				CURRENT_PROJECT_VERSION = 1;
				DEVELOPMENT_TEAM = WVBJ5HS9RL;
				GENERATE_INFOPLIST_FILE = YES;
				MARKETING_VERSION = 1.0;
				PRODUCT_BUNDLE_IDENTIFIER = mobileIG4.PolyCookUITests;
				PRODUCT_NAME = "$(TARGET_NAME)";
				SWIFT_EMIT_LOC_STRINGS = NO;
				SWIFT_VERSION = 5.0;
				TARGETED_DEVICE_FAMILY = "1,2";
				TEST_TARGET_NAME = PolyCook;
			};
			name = Debug;
		};
		1ECBC3B127BE7AC500800035 /* Release */ = {
			isa = XCBuildConfiguration;
			buildSettings = {
				ALWAYS_EMBED_SWIFT_STANDARD_LIBRARIES = YES;
				CODE_SIGN_STYLE = Automatic;
				CURRENT_PROJECT_VERSION = 1;
				DEVELOPMENT_TEAM = WVBJ5HS9RL;
				GENERATE_INFOPLIST_FILE = YES;
				MARKETING_VERSION = 1.0;
				PRODUCT_BUNDLE_IDENTIFIER = mobileIG4.PolyCookUITests;
				PRODUCT_NAME = "$(TARGET_NAME)";
				SWIFT_EMIT_LOC_STRINGS = NO;
				SWIFT_VERSION = 5.0;
				TARGETED_DEVICE_FAMILY = "1,2";
				TEST_TARGET_NAME = PolyCook;
			};
			name = Release;
		};
/* End XCBuildConfiguration section */

/* Begin XCConfigurationList section */
		1ECBC38027BE7AC300800035 /* Build configuration list for PBXProject "PolyCook" */ = {
			isa = XCConfigurationList;
			buildConfigurations = (
				1ECBC3A727BE7AC500800035 /* Debug */,
				1ECBC3A827BE7AC500800035 /* Release */,
			);
			defaultConfigurationIsVisible = 0;
			defaultConfigurationName = Release;
		};
		1ECBC3A927BE7AC500800035 /* Build configuration list for PBXNativeTarget "PolyCook" */ = {
			isa = XCConfigurationList;
			buildConfigurations = (
				1ECBC3AA27BE7AC500800035 /* Debug */,
				1ECBC3AB27BE7AC500800035 /* Release */,
			);
			defaultConfigurationIsVisible = 0;
			defaultConfigurationName = Release;
		};
		1ECBC3AC27BE7AC500800035 /* Build configuration list for PBXNativeTarget "PolyCookTests" */ = {
			isa = XCConfigurationList;
			buildConfigurations = (
				1ECBC3AD27BE7AC500800035 /* Debug */,
				1ECBC3AE27BE7AC500800035 /* Release */,
			);
			defaultConfigurationIsVisible = 0;
			defaultConfigurationName = Release;
		};
		1ECBC3AF27BE7AC500800035 /* Build configuration list for PBXNativeTarget "PolyCookUITests" */ = {
			isa = XCConfigurationList;
			buildConfigurations = (
				1ECBC3B027BE7AC500800035 /* Debug */,
				1ECBC3B127BE7AC500800035 /* Release */,
			);
			defaultConfigurationIsVisible = 0;
			defaultConfigurationName = Release;
		};
/* End XCConfigurationList section */
	};
	rootObject = 1ECBC37D27BE7AC300800035 /* Project object */;
}
